
Microsoft Visual Studio Solution File, Format Version 12.00
Project("{FAE04EC0-301F-11D3-BF4B-00C04F79EFBC}") = "Lumpikometr.Domain", "Lumpikometr.Domain\Lumpikometr.Domain.csproj", "{78E9C38B-6D82-4776-8D74-E9BC8EDE17D5}"
EndProject
Project("{2150E333-8FDC-42A3-9474-1A3956D46DE8}") = "Solution Items", "Solution Items", "{B4E0EA22-B510-4FE2-83C8-6324B99BC428}"
	ProjectSection(SolutionItems) = preProject
		docker-compose.yml = docker-compose.yml
	EndProjectSection
EndProject
Global
	GlobalSection(SolutionConfigurationPlatforms) = preSolution
		Debug|Any CPU = Debug|Any CPU
		Release|Any CPU = Release|Any CPU
	EndGlobalSection
	GlobalSection(ProjectConfigurationPlatforms) = postSolution
		{78E9C38B-6D82-4776-8D74-E9BC8EDE17D5}.Debug|Any CPU.ActiveCfg = Debug|Any CPU
		{78E9C38B-6D82-4776-8D74-E9BC8EDE17D5}.Debug|Any CPU.Build.0 = Debug|Any CPU
		{78E9C38B-6D82-4776-8D74-E9BC8EDE17D5}.Release|Any CPU.ActiveCfg = Release|Any CPU
		{78E9C38B-6D82-4776-8D74-E9BC8EDE17D5}.Release|Any CPU.Build.0 = Release|Any CPU
	EndGlobalSection
EndGlobal
